
Microsoft Visual Studio Solution File, Format Version 12.00
# Visual Studio Version 17
VisualStudioVersion = 17.0.31903.59
MinimumVisualStudioVersion = 10.0.40219.1
Project("{2150E333-8FDC-42A3-9474-1A3956D46DE8}") = "src", "src", "{067B891D-412D-418E-B4E2-B22996A5502E}"
EndProject
Project("{FAE04EC0-301F-11D3-BF4B-00C04F79EFBC}") = "NFTAuctionService", "src\NFTAuctionService\NFTAuctionService.csproj", "{82CFC5BD-4D6F-4FD7-9727-0769567C0531}"
EndProject
Project("{FAE04EC0-301F-11D3-BF4B-00C04F79EFBC}") = "SearchService", "src\SearchService\SearchService.csproj", "{06F736AF-778D-4DDF-83B5-C1A48C039338}"
EndProject
Project("{FAE04EC0-301F-11D3-BF4B-00C04F79EFBC}") = "Contracts", "src\Contracts\Contracts.csproj", "{50EF92B0-7535-4217-A038-9BABA0EDE09C}"
EndProject
Project("{FAE04EC0-301F-11D3-BF4B-00C04F79EFBC}") = "IdentityService", "src\IdentityService\IdentityService.csproj", "{801ED373-5554-49F3-9C02-9C8B14F1582B}"
EndProject
Project("{FAE04EC0-301F-11D3-BF4B-00C04F79EFBC}") = "GatewayService", "src\GatewayService\GatewayService.csproj", "{BDC5383A-40EF-427D-A4D6-779BFA2BDE6C}"
EndProject
Global
	GlobalSection(SolutionConfigurationPlatforms) = preSolution
		Debug|Any CPU = Debug|Any CPU
		Release|Any CPU = Release|Any CPU
	EndGlobalSection
	GlobalSection(SolutionProperties) = preSolution
		HideSolutionNode = FALSE
	EndGlobalSection
	GlobalSection(ProjectConfigurationPlatforms) = postSolution
		{82CFC5BD-4D6F-4FD7-9727-0769567C0531}.Debug|Any CPU.ActiveCfg = Debug|Any CPU
		{82CFC5BD-4D6F-4FD7-9727-0769567C0531}.Debug|Any CPU.Build.0 = Debug|Any CPU
		{82CFC5BD-4D6F-4FD7-9727-0769567C0531}.Release|Any CPU.ActiveCfg = Release|Any CPU
		{82CFC5BD-4D6F-4FD7-9727-0769567C0531}.Release|Any CPU.Build.0 = Release|Any CPU
		{06F736AF-778D-4DDF-83B5-C1A48C039338}.Debug|Any CPU.ActiveCfg = Debug|Any CPU
		{06F736AF-778D-4DDF-83B5-C1A48C039338}.Debug|Any CPU.Build.0 = Debug|Any CPU
		{06F736AF-778D-4DDF-83B5-C1A48C039338}.Release|Any CPU.ActiveCfg = Release|Any CPU
		{06F736AF-778D-4DDF-83B5-C1A48C039338}.Release|Any CPU.Build.0 = Release|Any CPU
		{50EF92B0-7535-4217-A038-9BABA0EDE09C}.Debug|Any CPU.ActiveCfg = Debug|Any CPU
		{50EF92B0-7535-4217-A038-9BABA0EDE09C}.Debug|Any CPU.Build.0 = Debug|Any CPU
		{50EF92B0-7535-4217-A038-9BABA0EDE09C}.Release|Any CPU.ActiveCfg = Release|Any CPU
		{50EF92B0-7535-4217-A038-9BABA0EDE09C}.Release|Any CPU.Build.0 = Release|Any CPU
		{801ED373-5554-49F3-9C02-9C8B14F1582B}.Debug|Any CPU.ActiveCfg = Debug|Any CPU
		{801ED373-5554-49F3-9C02-9C8B14F1582B}.Debug|Any CPU.Build.0 = Debug|Any CPU
		{801ED373-5554-49F3-9C02-9C8B14F1582B}.Release|Any CPU.ActiveCfg = Release|Any CPU
		{801ED373-5554-49F3-9C02-9C8B14F1582B}.Release|Any CPU.Build.0 = Release|Any CPU
		{BDC5383A-40EF-427D-A4D6-779BFA2BDE6C}.Debug|Any CPU.ActiveCfg = Debug|Any CPU
		{BDC5383A-40EF-427D-A4D6-779BFA2BDE6C}.Debug|Any CPU.Build.0 = Debug|Any CPU
		{BDC5383A-40EF-427D-A4D6-779BFA2BDE6C}.Release|Any CPU.ActiveCfg = Release|Any CPU
		{BDC5383A-40EF-427D-A4D6-779BFA2BDE6C}.Release|Any CPU.Build.0 = Release|Any CPU
	EndGlobalSection
	GlobalSection(NestedProjects) = preSolution
		{82CFC5BD-4D6F-4FD7-9727-0769567C0531} = {067B891D-412D-418E-B4E2-B22996A5502E}
		{06F736AF-778D-4DDF-83B5-C1A48C039338} = {067B891D-412D-418E-B4E2-B22996A5502E}
		{50EF92B0-7535-4217-A038-9BABA0EDE09C} = {067B891D-412D-418E-B4E2-B22996A5502E}
		{801ED373-5554-49F3-9C02-9C8B14F1582B} = {067B891D-412D-418E-B4E2-B22996A5502E}
		{BDC5383A-40EF-427D-A4D6-779BFA2BDE6C} = {067B891D-412D-418E-B4E2-B22996A5502E}
	EndGlobalSection
EndGlobal
